// !$*UTF8*$!
{
	archiveVersion = 1;
	classes = {
	};
	objectVersion = 50;
	objects = {

/* Begin PBXBuildFile section */
		E445774022B3F03A0069F1E3 /* AppDelegate.swift in Sources */ = {isa = PBXBuildFile; fileRef = E445773F22B3F03A0069F1E3 /* AppDelegate.swift */; };
		E445774522B3F03A0069F1E3 /* Main.storyboard in Resources */ = {isa = PBXBuildFile; fileRef = E445774322B3F03A0069F1E3 /* Main.storyboard */; };
		E445774722B3F03E0069F1E3 /* Assets.xcassets in Resources */ = {isa = PBXBuildFile; fileRef = E445774622B3F03E0069F1E3 /* Assets.xcassets */; };
		E445774A22B3F03E0069F1E3 /* LaunchScreen.storyboard in Resources */ = {isa = PBXBuildFile; fileRef = E445774822B3F03E0069F1E3 /* LaunchScreen.storyboard */; };
		E445776A22B3F3380069F1E3 /* GoogleUtilities.framework in Frameworks */ = {isa = PBXBuildFile; fileRef = E445775C22B3F3370069F1E3 /* GoogleUtilities.framework */; };
		E445776B22B3F3380069F1E3 /* FirebaseCoreDiagnostics.framework in Frameworks */ = {isa = PBXBuildFile; fileRef = E445775D22B3F3370069F1E3 /* FirebaseCoreDiagnostics.framework */; };
		E445776C22B3F3380069F1E3 /* gRPC-Core.framework in Frameworks */ = {isa = PBXBuildFile; fileRef = E445775E22B3F3370069F1E3 /* gRPC-Core.framework */; };
		E445776D22B3F3380069F1E3 /* gRPC-C++.framework in Frameworks */ = {isa = PBXBuildFile; fileRef = E445775F22B3F3370069F1E3 /* gRPC-C++.framework */; };
		E445776E22B3F3380069F1E3 /* Protobuf.framework in Frameworks */ = {isa = PBXBuildFile; fileRef = E445776022B3F3370069F1E3 /* Protobuf.framework */; };
		E445776F22B3F3380069F1E3 /* nanopb.framework in Frameworks */ = {isa = PBXBuildFile; fileRef = E445776122B3F3370069F1E3 /* nanopb.framework */; };
		E445777022B3F3380069F1E3 /* FirebaseInstanceID.framework in Frameworks */ = {isa = PBXBuildFile; fileRef = E445776222B3F3370069F1E3 /* FirebaseInstanceID.framework */; };
		E445777122B3F3380069F1E3 /* leveldb-library.framework in Frameworks */ = {isa = PBXBuildFile; fileRef = E445776322B3F3370069F1E3 /* leveldb-library.framework */; };
		E445777222B3F3380069F1E3 /* FirebaseCore.framework in Frameworks */ = {isa = PBXBuildFile; fileRef = E445776422B3F3370069F1E3 /* FirebaseCore.framework */; };
		E445777322B3F3380069F1E3 /* BoringSSL-GRPC.framework in Frameworks */ = {isa = PBXBuildFile; fileRef = E445776522B3F3370069F1E3 /* BoringSSL-GRPC.framework */; };
		E445777422B3F3380069F1E3 /* FirebaseAnalytics.framework in Frameworks */ = {isa = PBXBuildFile; fileRef = E445776622B3F3370069F1E3 /* FirebaseAnalytics.framework */; };
		E445777522B3F3380069F1E3 /* FIRAnalyticsConnector.framework in Frameworks */ = {isa = PBXBuildFile; fileRef = E445776722B3F3370069F1E3 /* FIRAnalyticsConnector.framework */; };
		E445777622B3F3380069F1E3 /* FirebaseFirestore.framework in Frameworks */ = {isa = PBXBuildFile; fileRef = E445776822B3F3370069F1E3 /* FirebaseFirestore.framework */; };
		E445777722B3F3380069F1E3 /* GoogleAppMeasurement.framework in Frameworks */ = {isa = PBXBuildFile; fileRef = E445776922B3F3370069F1E3 /* GoogleAppMeasurement.framework */; };
		E445777922B3F3440069F1E3 /* libc++.tbd in Frameworks */ = {isa = PBXBuildFile; fileRef = E445777822B3F3440069F1E3 /* libc++.tbd */; };
		E445777B22B3F3610069F1E3 /* libsqlite3.tbd in Frameworks */ = {isa = PBXBuildFile; fileRef = E445777A22B3F3610069F1E3 /* libsqlite3.tbd */; };
		E445777D22B3F3680069F1E3 /* StoreKit.framework in Frameworks */ = {isa = PBXBuildFile; fileRef = E445777C22B3F3680069F1E3 /* StoreKit.framework */; };
		E445777F22B3F3D00069F1E3 /* Person.swift in Sources */ = {isa = PBXBuildFile; fileRef = E445777E22B3F3D00069F1E3 /* Person.swift */; };
		E445778422B3F4CA0069F1E3 /* gRPCCertificates-Cpp.bundle in Resources */ = {isa = PBXBuildFile; fileRef = E445778322B3F4CA0069F1E3 /* gRPCCertificates-Cpp.bundle */; };
		E445778622B3F4D90069F1E3 /* GoogleService-Info.plist in Resources */ = {isa = PBXBuildFile; fileRef = E445778522B3F4D90069F1E3 /* GoogleService-Info.plist */; };
		E445778822B3F50F0069F1E3 /* PersonController.swift in Sources */ = {isa = PBXBuildFile; fileRef = E445778722B3F50F0069F1E3 /* PersonController.swift */; };
		E445778A22B3FD5A0069F1E3 /* PairListTableViewController.swift in Sources */ = {isa = PBXBuildFile; fileRef = E445778922B3FD5A0069F1E3 /* PairListTableViewController.swift */; };
/* End PBXBuildFile section */

/* Begin PBXFileReference section */
		E445773C22B3F03A0069F1E3 /* PairRandomizer.app */ = {isa = PBXFileReference; explicitFileType = wrapper.application; includeInIndex = 0; path = PairRandomizer.app; sourceTree = BUILT_PRODUCTS_DIR; };
		E445773F22B3F03A0069F1E3 /* AppDelegate.swift */ = {isa = PBXFileReference; lastKnownFileType = sourcecode.swift; path = AppDelegate.swift; sourceTree = "<group>"; };
		E445774422B3F03A0069F1E3 /* Base */ = {isa = PBXFileReference; lastKnownFileType = file.storyboard; name = Base; path = Base.lproj/Main.storyboard; sourceTree = "<group>"; };
		E445774622B3F03E0069F1E3 /* Assets.xcassets */ = {isa = PBXFileReference; lastKnownFileType = folder.assetcatalog; path = Assets.xcassets; sourceTree = "<group>"; };
		E445774922B3F03E0069F1E3 /* Base */ = {isa = PBXFileReference; lastKnownFileType = file.storyboard; name = Base; path = Base.lproj/LaunchScreen.storyboard; sourceTree = "<group>"; };
		E445774B22B3F03E0069F1E3 /* Info.plist */ = {isa = PBXFileReference; lastKnownFileType = text.plist.xml; path = Info.plist; sourceTree = "<group>"; };
		E445775C22B3F3370069F1E3 /* GoogleUtilities.framework */ = {isa = PBXFileReference; lastKnownFileType = wrapper.framework; name = GoogleUtilities.framework; path = Carthage/Build/iOS/GoogleUtilities.framework; sourceTree = "<group>"; };
		E445775D22B3F3370069F1E3 /* FirebaseCoreDiagnostics.framework */ = {isa = PBXFileReference; lastKnownFileType = wrapper.framework; name = FirebaseCoreDiagnostics.framework; path = Carthage/Build/iOS/FirebaseCoreDiagnostics.framework; sourceTree = "<group>"; };
		E445775E22B3F3370069F1E3 /* gRPC-Core.framework */ = {isa = PBXFileReference; lastKnownFileType = wrapper.framework; name = "gRPC-Core.framework"; path = "Carthage/Build/iOS/gRPC-Core.framework"; sourceTree = "<group>"; };
		E445775F22B3F3370069F1E3 /* gRPC-C++.framework */ = {isa = PBXFileReference; lastKnownFileType = wrapper.framework; name = "gRPC-C++.framework"; path = "Carthage/Build/iOS/gRPC-C++.framework"; sourceTree = "<group>"; };
		E445776022B3F3370069F1E3 /* Protobuf.framework */ = {isa = PBXFileReference; lastKnownFileType = wrapper.framework; name = Protobuf.framework; path = Carthage/Build/iOS/Protobuf.framework; sourceTree = "<group>"; };
		E445776122B3F3370069F1E3 /* nanopb.framework */ = {isa = PBXFileReference; lastKnownFileType = wrapper.framework; name = nanopb.framework; path = Carthage/Build/iOS/nanopb.framework; sourceTree = "<group>"; };
		E445776222B3F3370069F1E3 /* FirebaseInstanceID.framework */ = {isa = PBXFileReference; lastKnownFileType = wrapper.framework; name = FirebaseInstanceID.framework; path = Carthage/Build/iOS/FirebaseInstanceID.framework; sourceTree = "<group>"; };
		E445776322B3F3370069F1E3 /* leveldb-library.framework */ = {isa = PBXFileReference; lastKnownFileType = wrapper.framework; name = "leveldb-library.framework"; path = "Carthage/Build/iOS/leveldb-library.framework"; sourceTree = "<group>"; };
		E445776422B3F3370069F1E3 /* FirebaseCore.framework */ = {isa = PBXFileReference; lastKnownFileType = wrapper.framework; name = FirebaseCore.framework; path = Carthage/Build/iOS/FirebaseCore.framework; sourceTree = "<group>"; };
		E445776522B3F3370069F1E3 /* BoringSSL-GRPC.framework */ = {isa = PBXFileReference; lastKnownFileType = wrapper.framework; name = "BoringSSL-GRPC.framework"; path = "Carthage/Build/iOS/BoringSSL-GRPC.framework"; sourceTree = "<group>"; };
		E445776622B3F3370069F1E3 /* FirebaseAnalytics.framework */ = {isa = PBXFileReference; lastKnownFileType = wrapper.framework; name = FirebaseAnalytics.framework; path = Carthage/Build/iOS/FirebaseAnalytics.framework; sourceTree = "<group>"; };
		E445776722B3F3370069F1E3 /* FIRAnalyticsConnector.framework */ = {isa = PBXFileReference; lastKnownFileType = wrapper.framework; name = FIRAnalyticsConnector.framework; path = Carthage/Build/iOS/FIRAnalyticsConnector.framework; sourceTree = "<group>"; };
		E445776822B3F3370069F1E3 /* FirebaseFirestore.framework */ = {isa = PBXFileReference; lastKnownFileType = wrapper.framework; name = FirebaseFirestore.framework; path = Carthage/Build/iOS/FirebaseFirestore.framework; sourceTree = "<group>"; };
		E445776922B3F3370069F1E3 /* GoogleAppMeasurement.framework */ = {isa = PBXFileReference; lastKnownFileType = wrapper.framework; name = GoogleAppMeasurement.framework; path = Carthage/Build/iOS/GoogleAppMeasurement.framework; sourceTree = "<group>"; };
		E445777822B3F3440069F1E3 /* libc++.tbd */ = {isa = PBXFileReference; lastKnownFileType = "sourcecode.text-based-dylib-definition"; name = "libc++.tbd"; path = "usr/lib/libc++.tbd"; sourceTree = SDKROOT; };
		E445777A22B3F3610069F1E3 /* libsqlite3.tbd */ = {isa = PBXFileReference; lastKnownFileType = "sourcecode.text-based-dylib-definition"; name = libsqlite3.tbd; path = usr/lib/libsqlite3.tbd; sourceTree = SDKROOT; };
		E445777C22B3F3680069F1E3 /* StoreKit.framework */ = {isa = PBXFileReference; lastKnownFileType = wrapper.framework; name = StoreKit.framework; path = System/Library/Frameworks/StoreKit.framework; sourceTree = SDKROOT; };
		E445777E22B3F3D00069F1E3 /* Person.swift */ = {isa = PBXFileReference; lastKnownFileType = sourcecode.swift; path = Person.swift; sourceTree = "<group>"; };
		E445778322B3F4CA0069F1E3 /* gRPCCertificates-Cpp.bundle */ = {isa = PBXFileReference; lastKnownFileType = "wrapper.plug-in"; name = "gRPCCertificates-Cpp.bundle"; path = "Carthage/Build/iOS/FirebaseFirestore.framework/gRPCCertificates-Cpp.bundle"; sourceTree = "<group>"; };
		E445778522B3F4D90069F1E3 /* GoogleService-Info.plist */ = {isa = PBXFileReference; fileEncoding = 4; lastKnownFileType = text.plist.xml; name = "GoogleService-Info.plist"; path = "../../../../../../Downloads/GoogleService-Info.plist"; sourceTree = "<group>"; };
		E445778722B3F50F0069F1E3 /* PersonController.swift */ = {isa = PBXFileReference; lastKnownFileType = sourcecode.swift; path = PersonController.swift; sourceTree = "<group>"; };
		E445778922B3FD5A0069F1E3 /* PairListTableViewController.swift */ = {isa = PBXFileReference; lastKnownFileType = sourcecode.swift; path = PairListTableViewController.swift; sourceTree = "<group>"; };
/* End PBXFileReference section */

/* Begin PBXFrameworksBuildPhase section */
		E445773922B3F03A0069F1E3 /* Frameworks */ = {
			isa = PBXFrameworksBuildPhase;
			buildActionMask = 2147483647;
			files = (
				E445777D22B3F3680069F1E3 /* StoreKit.framework in Frameworks */,
				E445777B22B3F3610069F1E3 /* libsqlite3.tbd in Frameworks */,
				E445777922B3F3440069F1E3 /* libc++.tbd in Frameworks */,
				E445776A22B3F3380069F1E3 /* GoogleUtilities.framework in Frameworks */,
				E445776B22B3F3380069F1E3 /* FirebaseCoreDiagnostics.framework in Frameworks */,
				E445776C22B3F3380069F1E3 /* gRPC-Core.framework in Frameworks */,
				E445776D22B3F3380069F1E3 /* gRPC-C++.framework in Frameworks */,
				E445776E22B3F3380069F1E3 /* Protobuf.framework in Frameworks */,
				E445776F22B3F3380069F1E3 /* nanopb.framework in Frameworks */,
				E445777022B3F3380069F1E3 /* FirebaseInstanceID.framework in Frameworks */,
				E445777122B3F3380069F1E3 /* leveldb-library.framework in Frameworks */,
				E445777222B3F3380069F1E3 /* FirebaseCore.framework in Frameworks */,
				E445777322B3F3380069F1E3 /* BoringSSL-GRPC.framework in Frameworks */,
				E445777422B3F3380069F1E3 /* FirebaseAnalytics.framework in Frameworks */,
				E445777522B3F3380069F1E3 /* FIRAnalyticsConnector.framework in Frameworks */,
				E445777622B3F3380069F1E3 /* FirebaseFirestore.framework in Frameworks */,
				E445777722B3F3380069F1E3 /* GoogleAppMeasurement.framework in Frameworks */,
			);
			runOnlyForDeploymentPostprocessing = 0;
		};
/* End PBXFrameworksBuildPhase section */

/* Begin PBXGroup section */
		E445773322B3F03A0069F1E3 = {
			isa = PBXGroup;
			children = (
				E445778522B3F4D90069F1E3 /* GoogleService-Info.plist */,
				E445778322B3F4CA0069F1E3 /* gRPCCertificates-Cpp.bundle */,
				E445773E22B3F03A0069F1E3 /* PairRandomizer */,
				E445773D22B3F03A0069F1E3 /* Products */,
				E445775B22B3F3370069F1E3 /* Frameworks */,
			);
			sourceTree = "<group>";
		};
		E445773D22B3F03A0069F1E3 /* Products */ = {
			isa = PBXGroup;
			children = (
				E445773C22B3F03A0069F1E3 /* PairRandomizer.app */,
			);
			name = Products;
			sourceTree = "<group>";
		};
		E445773E22B3F03A0069F1E3 /* PairRandomizer */ = {
			isa = PBXGroup;
			children = (
				E445775422B3F0C40069F1E3 /* Models */,
				E445775322B3F0BF0069F1E3 /* Views */,
				E445775222B3F0B70069F1E3 /* Controllers */,
				E445775122B3F0AF0069F1E3 /* Resources */,
				E445774322B3F03A0069F1E3 /* Main.storyboard */,
			);
			path = PairRandomizer;
			sourceTree = "<group>";
		};
		E445775122B3F0AF0069F1E3 /* Resources */ = {
			isa = PBXGroup;
			children = (
				E445773F22B3F03A0069F1E3 /* AppDelegate.swift */,
				E445774622B3F03E0069F1E3 /* Assets.xcassets */,
				E445774822B3F03E0069F1E3 /* LaunchScreen.storyboard */,
				E445774B22B3F03E0069F1E3 /* Info.plist */,
			);
			path = Resources;
			sourceTree = "<group>";
		};
		E445775222B3F0B70069F1E3 /* Controllers */ = {
			isa = PBXGroup;
			children = (
				E445775622B3F0CF0069F1E3 /* ModelControllers */,
				E445775522B3F0C90069F1E3 /* ViewControllers */,
			);
			path = Controllers;
			sourceTree = "<group>";
		};
		E445775322B3F0BF0069F1E3 /* Views */ = {
			isa = PBXGroup;
			children = (
			);
			path = Views;
			sourceTree = "<group>";
		};
		E445775422B3F0C40069F1E3 /* Models */ = {
			isa = PBXGroup;
			children = (
				E445777E22B3F3D00069F1E3 /* Person.swift */,
			);
			path = Models;
			sourceTree = "<group>";
		};
		E445775522B3F0C90069F1E3 /* ViewControllers */ = {
			isa = PBXGroup;
			children = (
				E445778922B3FD5A0069F1E3 /* PairListTableViewController.swift */,
			);
			path = ViewControllers;
			sourceTree = "<group>";
		};
		E445775622B3F0CF0069F1E3 /* ModelControllers */ = {
			isa = PBXGroup;
			children = (
				E445778722B3F50F0069F1E3 /* PersonController.swift */,
			);
			path = ModelControllers;
			sourceTree = "<group>";
		};
		E445775B22B3F3370069F1E3 /* Frameworks */ = {
			isa = PBXGroup;
			children = (
				E445777C22B3F3680069F1E3 /* StoreKit.framework */,
				E445777A22B3F3610069F1E3 /* libsqlite3.tbd */,
				E445777822B3F3440069F1E3 /* libc++.tbd */,
				E445776522B3F3370069F1E3 /* BoringSSL-GRPC.framework */,
				E445776722B3F3370069F1E3 /* FIRAnalyticsConnector.framework */,
				E445776622B3F3370069F1E3 /* FirebaseAnalytics.framework */,
				E445776422B3F3370069F1E3 /* FirebaseCore.framework */,
				E445775D22B3F3370069F1E3 /* FirebaseCoreDiagnostics.framework */,
				E445776822B3F3370069F1E3 /* FirebaseFirestore.framework */,
				E445776222B3F3370069F1E3 /* FirebaseInstanceID.framework */,
				E445776922B3F3370069F1E3 /* GoogleAppMeasurement.framework */,
				E445775C22B3F3370069F1E3 /* GoogleUtilities.framework */,
				E445775F22B3F3370069F1E3 /* gRPC-C++.framework */,
				E445775E22B3F3370069F1E3 /* gRPC-Core.framework */,
				E445776322B3F3370069F1E3 /* leveldb-library.framework */,
				E445776122B3F3370069F1E3 /* nanopb.framework */,
				E445776022B3F3370069F1E3 /* Protobuf.framework */,
			);
			name = Frameworks;
			sourceTree = "<group>";
		};
/* End PBXGroup section */

/* Begin PBXNativeTarget section */
		E445773B22B3F03A0069F1E3 /* PairRandomizer */ = {
			isa = PBXNativeTarget;
			buildConfigurationList = E445774E22B3F03E0069F1E3 /* Build configuration list for PBXNativeTarget "PairRandomizer" */;
			buildPhases = (
				E445773822B3F03A0069F1E3 /* Sources */,
				E445773922B3F03A0069F1E3 /* Frameworks */,
				E445773A22B3F03A0069F1E3 /* Resources */,
			);
			buildRules = (
			);
			dependencies = (
			);
			name = PairRandomizer;
			productName = PairRandomizer;
			productReference = E445773C22B3F03A0069F1E3 /* PairRandomizer.app */;
			productType = "com.apple.product-type.application";
		};
/* End PBXNativeTarget section */

/* Begin PBXProject section */
		E445773422B3F03A0069F1E3 /* Project object */ = {
			isa = PBXProject;
			attributes = {
				LastSwiftUpdateCheck = 1020;
				LastUpgradeCheck = 1020;
				ORGANIZATIONNAME = devmtn;
				TargetAttributes = {
					E445773B22B3F03A0069F1E3 = {
						CreatedOnToolsVersion = 10.2.1;
					};
				};
			};
			buildConfigurationList = E445773722B3F03A0069F1E3 /* Build configuration list for PBXProject "PairRandomizer" */;
			compatibilityVersion = "Xcode 9.3";
			developmentRegion = en;
			hasScannedForEncodings = 0;
			knownRegions = (
				en,
				Base,
			);
			mainGroup = E445773322B3F03A0069F1E3;
			productRefGroup = E445773D22B3F03A0069F1E3 /* Products */;
			projectDirPath = "";
			projectRoot = "";
			targets = (
				E445773B22B3F03A0069F1E3 /* PairRandomizer */,
			);
		};
/* End PBXProject section */

/* Begin PBXResourcesBuildPhase section */
		E445773A22B3F03A0069F1E3 /* Resources */ = {
			isa = PBXResourcesBuildPhase;
			buildActionMask = 2147483647;
			files = (
				E445778422B3F4CA0069F1E3 /* gRPCCertificates-Cpp.bundle in Resources */,
				E445774A22B3F03E0069F1E3 /* LaunchScreen.storyboard in Resources */,
				E445778622B3F4D90069F1E3 /* GoogleService-Info.plist in Resources */,
				E445774722B3F03E0069F1E3 /* Assets.xcassets in Resources */,
				E445774522B3F03A0069F1E3 /* Main.storyboard in Resources */,
			);
			runOnlyForDeploymentPostprocessing = 0;
		};
/* End PBXResourcesBuildPhase section */

/* Begin PBXSourcesBuildPhase section */
		E445773822B3F03A0069F1E3 /* Sources */ = {
			isa = PBXSourcesBuildPhase;
			buildActionMask = 2147483647;
			files = (
				E445777F22B3F3D00069F1E3 /* Person.swift in Sources */,
				E445778A22B3FD5A0069F1E3 /* PairListTableViewController.swift in Sources */,
				E445778822B3F50F0069F1E3 /* PersonController.swift in Sources */,
				E445774022B3F03A0069F1E3 /* AppDelegate.swift in Sources */,
			);
			runOnlyForDeploymentPostprocessing = 0;
		};
/* End PBXSourcesBuildPhase section */

/* Begin PBXVariantGroup section */
		E445774322B3F03A0069F1E3 /* Main.storyboard */ = {
			isa = PBXVariantGroup;
			children = (
				E445774422B3F03A0069F1E3 /* Base */,
			);
			name = Main.storyboard;
			sourceTree = "<group>";
		};
		E445774822B3F03E0069F1E3 /* LaunchScreen.storyboard */ = {
			isa = PBXVariantGroup;
			children = (
				E445774922B3F03E0069F1E3 /* Base */,
			);
			name = LaunchScreen.storyboard;
			sourceTree = "<group>";
		};
/* End PBXVariantGroup section */

/* Begin XCBuildConfiguration section */
		E445774C22B3F03E0069F1E3 /* Debug */ = {
			isa = XCBuildConfiguration;
			buildSettings = {
				ALWAYS_SEARCH_USER_PATHS = NO;
				CLANG_ANALYZER_NONNULL = YES;
				CLANG_ANALYZER_NUMBER_OBJECT_CONVERSION = YES_AGGRESSIVE;
				CLANG_CXX_LANGUAGE_STANDARD = "gnu++14";
				CLANG_CXX_LIBRARY = "libc++";
				CLANG_ENABLE_MODULES = YES;
				CLANG_ENABLE_OBJC_ARC = YES;
				CLANG_ENABLE_OBJC_WEAK = YES;
				CLANG_WARN_BLOCK_CAPTURE_AUTORELEASING = YES;
				CLANG_WARN_BOOL_CONVERSION = YES;
				CLANG_WARN_COMMA = YES;
				CLANG_WARN_CONSTANT_CONVERSION = YES;
				CLANG_WARN_DEPRECATED_OBJC_IMPLEMENTATIONS = YES;
				CLANG_WARN_DIRECT_OBJC_ISA_USAGE = YES_ERROR;
				CLANG_WARN_DOCUMENTATION_COMMENTS = YES;
				CLANG_WARN_EMPTY_BODY = YES;
				CLANG_WARN_ENUM_CONVERSION = YES;
				CLANG_WARN_INFINITE_RECURSION = YES;
				CLANG_WARN_INT_CONVERSION = YES;
				CLANG_WARN_NON_LITERAL_NULL_CONVERSION = YES;
				CLANG_WARN_OBJC_IMPLICIT_RETAIN_SELF = YES;
				CLANG_WARN_OBJC_LITERAL_CONVERSION = YES;
				CLANG_WARN_OBJC_ROOT_CLASS = YES_ERROR;
				CLANG_WARN_RANGE_LOOP_ANALYSIS = YES;
				CLANG_WARN_STRICT_PROTOTYPES = YES;
				CLANG_WARN_SUSPICIOUS_MOVE = YES;
				CLANG_WARN_UNGUARDED_AVAILABILITY = YES_AGGRESSIVE;
				CLANG_WARN_UNREACHABLE_CODE = YES;
				CLANG_WARN__DUPLICATE_METHOD_MATCH = YES;
				CODE_SIGN_IDENTITY = "iPhone Developer";
				COPY_PHASE_STRIP = NO;
				DEBUG_INFORMATION_FORMAT = dwarf;
				ENABLE_STRICT_OBJC_MSGSEND = YES;
				ENABLE_TESTABILITY = YES;
				GCC_C_LANGUAGE_STANDARD = gnu11;
				GCC_DYNAMIC_NO_PIC = NO;
				GCC_NO_COMMON_BLOCKS = YES;
				GCC_OPTIMIZATION_LEVEL = 0;
				GCC_PREPROCESSOR_DEFINITIONS = (
					"DEBUG=1",
					"$(inherited)",
				);
				GCC_WARN_64_TO_32_BIT_CONVERSION = YES;
				GCC_WARN_ABOUT_RETURN_TYPE = YES_ERROR;
				GCC_WARN_UNDECLARED_SELECTOR = YES;
				GCC_WARN_UNINITIALIZED_AUTOS = YES_AGGRESSIVE;
				GCC_WARN_UNUSED_FUNCTION = YES;
				GCC_WARN_UNUSED_VARIABLE = YES;
				IPHONEOS_DEPLOYMENT_TARGET = 12.2;
				MTL_ENABLE_DEBUG_INFO = INCLUDE_SOURCE;
				MTL_FAST_MATH = YES;
				ONLY_ACTIVE_ARCH = YES;
				SDKROOT = iphoneos;
				SWIFT_ACTIVE_COMPILATION_CONDITIONS = DEBUG;
				SWIFT_OPTIMIZATION_LEVEL = "-Onone";
			};
			name = Debug;
		};
		E445774D22B3F03E0069F1E3 /* Release */ = {
			isa = XCBuildConfiguration;
			buildSettings = {
				ALWAYS_SEARCH_USER_PATHS = NO;
				CLANG_ANALYZER_NONNULL = YES;
				CLANG_ANALYZER_NUMBER_OBJECT_CONVERSION = YES_AGGRESSIVE;
				CLANG_CXX_LANGUAGE_STANDARD = "gnu++14";
				CLANG_CXX_LIBRARY = "libc++";
				CLANG_ENABLE_MODULES = YES;
				CLANG_ENABLE_OBJC_ARC = YES;
				CLANG_ENABLE_OBJC_WEAK = YES;
				CLANG_WARN_BLOCK_CAPTURE_AUTORELEASING = YES;
				CLANG_WARN_BOOL_CONVERSION = YES;
				CLANG_WARN_COMMA = YES;
				CLANG_WARN_CONSTANT_CONVERSION = YES;
				CLANG_WARN_DEPRECATED_OBJC_IMPLEMENTATIONS = YES;
				CLANG_WARN_DIRECT_OBJC_ISA_USAGE = YES_ERROR;
				CLANG_WARN_DOCUMENTATION_COMMENTS = YES;
				CLANG_WARN_EMPTY_BODY = YES;
				CLANG_WARN_ENUM_CONVERSION = YES;
				CLANG_WARN_INFINITE_RECURSION = YES;
				CLANG_WARN_INT_CONVERSION = YES;
				CLANG_WARN_NON_LITERAL_NULL_CONVERSION = YES;
				CLANG_WARN_OBJC_IMPLICIT_RETAIN_SELF = YES;
				CLANG_WARN_OBJC_LITERAL_CONVERSION = YES;
				CLANG_WARN_OBJC_ROOT_CLASS = YES_ERROR;
				CLANG_WARN_RANGE_LOOP_ANALYSIS = YES;
				CLANG_WARN_STRICT_PROTOTYPES = YES;
				CLANG_WARN_SUSPICIOUS_MOVE = YES;
				CLANG_WARN_UNGUARDED_AVAILABILITY = YES_AGGRESSIVE;
				CLANG_WARN_UNREACHABLE_CODE = YES;
				CLANG_WARN__DUPLICATE_METHOD_MATCH = YES;
				CODE_SIGN_IDENTITY = "iPhone Developer";
				COPY_PHASE_STRIP = NO;
				DEBUG_INFORMATION_FORMAT = "dwarf-with-dsym";
				ENABLE_NS_ASSERTIONS = NO;
				ENABLE_STRICT_OBJC_MSGSEND = YES;
				GCC_C_LANGUAGE_STANDARD = gnu11;
				GCC_NO_COMMON_BLOCKS = YES;
				GCC_WARN_64_TO_32_BIT_CONVERSION = YES;
				GCC_WARN_ABOUT_RETURN_TYPE = YES_ERROR;
				GCC_WARN_UNDECLARED_SELECTOR = YES;
				GCC_WARN_UNINITIALIZED_AUTOS = YES_AGGRESSIVE;
				GCC_WARN_UNUSED_FUNCTION = YES;
				GCC_WARN_UNUSED_VARIABLE = YES;
				IPHONEOS_DEPLOYMENT_TARGET = 12.2;
				MTL_ENABLE_DEBUG_INFO = NO;
				MTL_FAST_MATH = YES;
				SDKROOT = iphoneos;
				SWIFT_COMPILATION_MODE = wholemodule;
				SWIFT_OPTIMIZATION_LEVEL = "-O";
				VALIDATE_PRODUCT = YES;
			};
			name = Release;
		};
		E445774F22B3F03E0069F1E3 /* Debug */ = {
			isa = XCBuildConfiguration;
			buildSettings = {
				ASSETCATALOG_COMPILER_APPICON_NAME = AppIcon;
				CODE_SIGN_STYLE = Automatic;
				FRAMEWORK_SEARCH_PATHS = (
					"$(inherited)",
					"$(PROJECT_DIR)/Carthage/Build/iOS",
				);
				INFOPLIST_FILE = "$(SRCROOT)/PairRandomizer/Resources/Info.plist";
				LD_RUNPATH_SEARCH_PATHS = (
					"$(inherited)",
					"@executable_path/Frameworks",
				);
				OTHER_LDFLAGS = (
					"$(OTHER_LDFLAGS)",
					"-ObjC",
				);
				PRODUCT_BUNDLE_IDENTIFIER = devmtn.PairRandomizer;
				PRODUCT_NAME = "$(TARGET_NAME)";
				SWIFT_VERSION = 5.0;
				TARGETED_DEVICE_FAMILY = "1,2";
			};
			name = Debug;
		};
		E445775022B3F03E0069F1E3 /* Release */ = {
			isa = XCBuildConfiguration;
			buildSettings = {
				ASSETCATALOG_COMPILER_APPICON_NAME = AppIcon;
				CODE_SIGN_STYLE = Automatic;
				FRAMEWORK_SEARCH_PATHS = (
					"$(inherited)",
					"$(PROJECT_DIR)/Carthage/Build/iOS",
				);
				INFOPLIST_FILE = "$(SRCROOT)/PairRandomizer/Resources/Info.plist";
				LD_RUNPATH_SEARCH_PATHS = (
					"$(inherited)",
					"@executable_path/Frameworks",
				);
				OTHER_LDFLAGS = (
					"$(OTHER_LDFLAGS)",
					"-ObjC",
				);
				PRODUCT_BUNDLE_IDENTIFIER = devmtn.PairRandomizer;
				PRODUCT_NAME = "$(TARGET_NAME)";
				SWIFT_VERSION = 5.0;
				TARGETED_DEVICE_FAMILY = "1,2";
			};
			name = Release;
		};
/* End XCBuildConfiguration section */

/* Begin XCConfigurationList section */
		E445773722B3F03A0069F1E3 /* Build configuration list for PBXProject "PairRandomizer" */ = {
			isa = XCConfigurationList;
			buildConfigurations = (
				E445774C22B3F03E0069F1E3 /* Debug */,
				E445774D22B3F03E0069F1E3 /* Release */,
			);
			defaultConfigurationIsVisible = 0;
			defaultConfigurationName = Release;
		};
		E445774E22B3F03E0069F1E3 /* Build configuration list for PBXNativeTarget "PairRandomizer" */ = {
			isa = XCConfigurationList;
			buildConfigurations = (
				E445774F22B3F03E0069F1E3 /* Debug */,
				E445775022B3F03E0069F1E3 /* Release */,
			);
			defaultConfigurationIsVisible = 0;
			defaultConfigurationName = Release;
		};
/* End XCConfigurationList section */
	};
	rootObject = E445773422B3F03A0069F1E3 /* Project object */;
}
